
Microsoft Visual Studio Solution File, Format Version 12.00
# Visual Studio Version 17
VisualStudioVersion = 17.4.33213.308
MinimumVisualStudioVersion = 10.0.40219.1
Project("{FAE04EC0-301F-11D3-BF4B-00C04F79EFBC}") = "Granota", "Granota.csproj", "{C45E5CE6-FAB2-4FCE-A773-593F0E34DD1B}"
EndProject
Global
	GlobalSection(SolutionConfigurationPlatforms) = preSolution
		Debug|Any CPU = Debug|Any CPU
		Release|Any CPU = Release|Any CPU
	EndGlobalSection
	GlobalSection(ProjectConfigurationPlatforms) = postSolution
		{C45E5CE6-FAB2-4FCE-A773-593F0E34DD1B}.Debug|Any CPU.ActiveCfg = Debug|Any CPU
		{C45E5CE6-FAB2-4FCE-A773-593F0E34DD1B}.Debug|Any CPU.Build.0 = Debug|Any CPU
		{C45E5CE6-FAB2-4FCE-A773-593F0E34DD1B}.Release|Any CPU.ActiveCfg = Release|Any CPU
		{C45E5CE6-FAB2-4FCE-A773-593F0E34DD1B}.Release|Any CPU.Build.0 = Release|Any CPU
	EndGlobalSection
	GlobalSection(SolutionProperties) = preSolution
		HideSolutionNode = FALSE
	EndGlobalSection
	GlobalSection(ExtensibilityGlobals) = postSolution
		SolutionGuid = {C1092625-7FDD-475E-BBC8-FE11619D63E1}
	EndGlobalSection
EndGlobal
